
Microsoft Visual Studio Solution File, Format Version 12.00
# Visual Studio Version 17
VisualStudioVersion = 17.6.33712.159
MinimumVisualStudioVersion = 10.0.40219.1
Project("{FAE04EC0-301F-11D3-BF4B-00C04F79EFBC}") = "Telegram", "Telegram\Telegram.csproj", "{F4B97493-2BC6-4E3F-9606-9D978181A89E}"
EndProject
Global
	GlobalSection(SolutionConfigurationPlatforms) = preSolution
		Debug|Any CPU = Debug|Any CPU
		Release|Any CPU = Release|Any CPU
	EndGlobalSection
	GlobalSection(ProjectConfigurationPlatforms) = postSolution
		{F4B97493-2BC6-4E3F-9606-9D978181A89E}.Debug|Any CPU.ActiveCfg = Release|Any CPU
		{F4B97493-2BC6-4E3F-9606-9D978181A89E}.Debug|Any CPU.Build.0 = Release|Any CPU
		{F4B97493-2BC6-4E3F-9606-9D978181A89E}.Release|Any CPU.ActiveCfg = Release|Any CPU
		{F4B97493-2BC6-4E3F-9606-9D978181A89E}.Release|Any CPU.Build.0 = Release|Any CPU
	EndGlobalSection
	GlobalSection(SolutionProperties) = preSolution
		HideSolutionNode = FALSE
	EndGlobalSection
	GlobalSection(ExtensibilityGlobals) = postSolution
		SolutionGuid = {1A52B943-D7D8-4795-96A2-CC776A5BBADE}
	EndGlobalSection
EndGlobal
